
Microsoft Visual Studio Solution File, Format Version 12.00
# Visual Studio Version 17
VisualStudioVersion = 17.11.35327.3
MinimumVisualStudioVersion = 10.0.40219.1
Project("{9A19103F-16F7-4668-BE54-9A1E7A4F7556}") = "Pet.data", "Pet.data.csproj", "{751BFABE-C15F-4BC8-80E3-789492F3AF8A}"
EndProject
Project("{FAE04EC0-301F-11D3-BF4B-00C04F79EFBC}") = "PetSeed", "..\PetSeed\PetSeed.csproj", "{4801FBDE-24F0-4A27-B580-283AAD25855C}"
EndProject
Project("{FAE04EC0-301F-11D3-BF4B-00C04F79EFBC}") = "Vets", "..\Vets\Vets.csproj", "{3E329FCF-ED1C-4A14-93C5-AB4E735AF703}"
EndProject
Global
	GlobalSection(SolutionConfigurationPlatforms) = preSolution
		Debug|Any CPU = Debug|Any CPU
		Release|Any CPU = Release|Any CPU
	EndGlobalSection
	GlobalSection(ProjectConfigurationPlatforms) = postSolution
		{751BFABE-C15F-4BC8-80E3-789492F3AF8A}.Debug|Any CPU.ActiveCfg = Debug|Any CPU
		{751BFABE-C15F-4BC8-80E3-789492F3AF8A}.Debug|Any CPU.Build.0 = Debug|Any CPU
		{751BFABE-C15F-4BC8-80E3-789492F3AF8A}.Release|Any CPU.ActiveCfg = Release|Any CPU
		{751BFABE-C15F-4BC8-80E3-789492F3AF8A}.Release|Any CPU.Build.0 = Release|Any CPU
		{4801FBDE-24F0-4A27-B580-283AAD25855C}.Debug|Any CPU.ActiveCfg = Debug|Any CPU
		{4801FBDE-24F0-4A27-B580-283AAD25855C}.Debug|Any CPU.Build.0 = Debug|Any CPU
		{4801FBDE-24F0-4A27-B580-283AAD25855C}.Release|Any CPU.ActiveCfg = Release|Any CPU
		{4801FBDE-24F0-4A27-B580-283AAD25855C}.Release|Any CPU.Build.0 = Release|Any CPU
		{3E329FCF-ED1C-4A14-93C5-AB4E735AF703}.Debug|Any CPU.ActiveCfg = Debug|Any CPU
		{3E329FCF-ED1C-4A14-93C5-AB4E735AF703}.Debug|Any CPU.Build.0 = Debug|Any CPU
		{3E329FCF-ED1C-4A14-93C5-AB4E735AF703}.Release|Any CPU.ActiveCfg = Release|Any CPU
		{3E329FCF-ED1C-4A14-93C5-AB4E735AF703}.Release|Any CPU.Build.0 = Release|Any CPU
	EndGlobalSection
	GlobalSection(SolutionProperties) = preSolution
		HideSolutionNode = FALSE
	EndGlobalSection
	GlobalSection(ExtensibilityGlobals) = postSolution
		SolutionGuid = {94E34A91-E884-4F14-9935-124126654E2C}
	EndGlobalSection
EndGlobal
